
Microsoft Visual Studio Solution File, Format Version 12.00
# Visual Studio 15
VisualStudioVersion = 15.0.27428.2037
MinimumVisualStudioVersion = 10.0.40219.1
Project("{8BC9CEB8-8B4A-11D0-8D11-00A0C91BC942}") = "采用备忘录法解决动态规划的问题", "采用备忘录法解决动态规划的问题\采用备忘录法解决动态规划的问题.vcxproj", "{610C11A9-9A34-468D-B461-64A0B526BBC2}"
EndProject
Global
	GlobalSection(SolutionConfigurationPlatforms) = preSolution
		Debug|x64 = Debug|x64
		Debug|x86 = Debug|x86
		Release|x64 = Release|x64
		Release|x86 = Release|x86
	EndGlobalSection
	GlobalSection(ProjectConfigurationPlatforms) = postSolution
		{610C11A9-9A34-468D-B461-64A0B526BBC2}.Debug|x64.ActiveCfg = Debug|x64
		{610C11A9-9A34-468D-B461-64A0B526BBC2}.Debug|x64.Build.0 = Debug|x64
		{610C11A9-9A34-468D-B461-64A0B526BBC2}.Debug|x86.ActiveCfg = Debug|Win32
		{610C11A9-9A34-468D-B461-64A0B526BBC2}.Debug|x86.Build.0 = Debug|Win32
		{610C11A9-9A34-468D-B461-64A0B526BBC2}.Release|x64.ActiveCfg = Release|x64
		{610C11A9-9A34-468D-B461-64A0B526BBC2}.Release|x64.Build.0 = Release|x64
		{610C11A9-9A34-468D-B461-64A0B526BBC2}.Release|x86.ActiveCfg = Release|Win32
		{610C11A9-9A34-468D-B461-64A0B526BBC2}.Release|x86.Build.0 = Release|Win32
	EndGlobalSection
	GlobalSection(SolutionProperties) = preSolution
		HideSolutionNode = FALSE
	EndGlobalSection
	GlobalSection(ExtensibilityGlobals) = postSolution
		SolutionGuid = {AA869CE0-8208-48EF-96C8-CC868E1970A9}
	EndGlobalSection
EndGlobal
